// !$*UTF8*$!
{
	archiveVersion = 1;
	classes = {
	};
	objectVersion = 46;
	objects = {

/* Begin PBXBuildFile section */
		284F11501D8E2FAC0078E894 /* main.m in Sources */ = {isa = PBXBuildFile; fileRef = 284F114F1D8E2FAC0078E894 /* main.m */; };
		284F11531D8E2FAC0078E894 /* AppDelegate.m in Sources */ = {isa = PBXBuildFile; fileRef = 284F11521D8E2FAC0078E894 /* AppDelegate.m */; };
		284F11561D8E2FAC0078E894 /* ViewController.m in Sources */ = {isa = PBXBuildFile; fileRef = 284F11551D8E2FAC0078E894 /* ViewController.m */; };
		284F11591D8E2FAC0078E894 /* Main.storyboard in Resources */ = {isa = PBXBuildFile; fileRef = 284F11571D8E2FAC0078E894 /* Main.storyboard */; };
		284F115B1D8E2FAC0078E894 /* Assets.xcassets in Resources */ = {isa = PBXBuildFile; fileRef = 284F115A1D8E2FAC0078E894 /* Assets.xcassets */; };
		284F115E1D8E2FAC0078E894 /* LaunchScreen.storyboard in Resources */ = {isa = PBXBuildFile; fileRef = 284F115C1D8E2FAC0078E894 /* LaunchScreen.storyboard */; };
		284F11671D8E2FDB0078E894 /* Line.m in Sources */ = {isa = PBXBuildFile; fileRef = 284F11661D8E2FDB0078E894 /* Line.m */; };
		284F116A1D8E30540078E894 /* DrawView.m in Sources */ = {isa = PBXBuildFile; fileRef = 284F11691D8E30540078E894 /* DrawView.m */; };
/* End PBXBuildFile section */

/* Begin PBXFileReference section */
		284F114B1D8E2FAB0078E894 /* TouchTracker.app */ = {isa = PBXFileReference; explicitFileType = wrapper.application; includeInIndex = 0; path = TouchTracker.app; sourceTree = BUILT_PRODUCTS_DIR; };
		284F114F1D8E2FAC0078E894 /* main.m */ = {isa = PBXFileReference; lastKnownFileType = sourcecode.c.objc; path = main.m; sourceTree = "<group>"; };
		284F11511D8E2FAC0078E894 /* AppDelegate.h */ = {isa = PBXFileReference; lastKnownFileType = sourcecode.c.h; path = AppDelegate.h; sourceTree = "<group>"; };
		284F11521D8E2FAC0078E894 /* AppDelegate.m */ = {isa = PBXFileReference; lastKnownFileType = sourcecode.c.objc; path = AppDelegate.m; sourceTree = "<group>"; };
		284F11541D8E2FAC0078E894 /* ViewController.h */ = {isa = PBXFileReference; lastKnownFileType = sourcecode.c.h; path = ViewController.h; sourceTree = "<group>"; };
		284F11551D8E2FAC0078E894 /* ViewController.m */ = {isa = PBXFileReference; lastKnownFileType = sourcecode.c.objc; path = ViewController.m; sourceTree = "<group>"; };
		284F11581D8E2FAC0078E894 /* Base */ = {isa = PBXFileReference; lastKnownFileType = file.storyboard; name = Base; path = Base.lproj/Main.storyboard; sourceTree = "<group>"; };
		284F115A1D8E2FAC0078E894 /* Assets.xcassets */ = {isa = PBXFileReference; lastKnownFileType = folder.assetcatalog; path = Assets.xcassets; sourceTree = "<group>"; };
		284F115D1D8E2FAC0078E894 /* Base */ = {isa = PBXFileReference; lastKnownFileType = file.storyboard; name = Base; path = Base.lproj/LaunchScreen.storyboard; sourceTree = "<group>"; };
		284F115F1D8E2FAC0078E894 /* Info.plist */ = {isa = PBXFileReference; lastKnownFileType = text.plist.xml; path = Info.plist; sourceTree = "<group>"; };
		284F11651D8E2FDB0078E894 /* Line.h */ = {isa = PBXFileReference; fileEncoding = 4; lastKnownFileType = sourcecode.c.h; path = Line.h; sourceTree = "<group>"; };
		284F11661D8E2FDB0078E894 /* Line.m */ = {isa = PBXFileReference; fileEncoding = 4; lastKnownFileType = sourcecode.c.objc; path = Line.m; sourceTree = "<group>"; };
		284F11681D8E30540078E894 /* DrawView.h */ = {isa = PBXFileReference; fileEncoding = 4; lastKnownFileType = sourcecode.c.h; path = DrawView.h; sourceTree = "<group>"; };
		284F11691D8E30540078E894 /* DrawView.m */ = {isa = PBXFileReference; fileEncoding = 4; lastKnownFileType = sourcecode.c.objc; path = DrawView.m; sourceTree = "<group>"; };
/* End PBXFileReference section */

/* Begin PBXFrameworksBuildPhase section */
		284F11481D8E2FAB0078E894 /* Frameworks */ = {
			isa = PBXFrameworksBuildPhase;
			buildActionMask = 2147483647;
			files = (
			);
			runOnlyForDeploymentPostprocessing = 0;
		};
/* End PBXFrameworksBuildPhase section */

/* Begin PBXGroup section */
		284F11421D8E2FAB0078E894 = {
			isa = PBXGroup;
			children = (
				284F114D1D8E2FAB0078E894 /* TouchTracker */,
				284F114C1D8E2FAB0078E894 /* Products */,
			);
			sourceTree = "<group>";
		};
		284F114C1D8E2FAB0078E894 /* Products */ = {
			isa = PBXGroup;
			children = (
				284F114B1D8E2FAB0078E894 /* TouchTracker.app */,
			);
			name = Products;
			sourceTree = "<group>";
		};
		284F114D1D8E2FAB0078E894 /* TouchTracker */ = {
			isa = PBXGroup;
			children = (
				284F11511D8E2FAC0078E894 /* AppDelegate.h */,
				284F11521D8E2FAC0078E894 /* AppDelegate.m */,
				284F11541D8E2FAC0078E894 /* ViewController.h */,
				284F11551D8E2FAC0078E894 /* ViewController.m */,
				284F11571D8E2FAC0078E894 /* Main.storyboard */,
				284F11651D8E2FDB0078E894 /* Line.h */,
				284F11661D8E2FDB0078E894 /* Line.m */,
				284F11681D8E30540078E894 /* DrawView.h */,
				284F11691D8E30540078E894 /* DrawView.m */,
				284F115A1D8E2FAC0078E894 /* Assets.xcassets */,
				284F115C1D8E2FAC0078E894 /* LaunchScreen.storyboard */,
				284F115F1D8E2FAC0078E894 /* Info.plist */,
				284F114E1D8E2FAB0078E894 /* Supporting Files */,
			);
			path = TouchTracker;
			sourceTree = "<group>";
		};
		284F114E1D8E2FAB0078E894 /* Supporting Files */ = {
			isa = PBXGroup;
			children = (
				284F114F1D8E2FAC0078E894 /* main.m */,
			);
			name = "Supporting Files";
			sourceTree = "<group>";
		};
/* End PBXGroup section */

/* Begin PBXNativeTarget section */
		284F114A1D8E2FAB0078E894 /* TouchTracker */ = {
			isa = PBXNativeTarget;
			buildConfigurationList = 284F11621D8E2FAC0078E894 /* Build configuration list for PBXNativeTarget "TouchTracker" */;
			buildPhases = (
				284F11471D8E2FAB0078E894 /* Sources */,
				284F11481D8E2FAB0078E894 /* Frameworks */,
				284F11491D8E2FAB0078E894 /* Resources */,
			);
			buildRules = (
			);
			dependencies = (
			);
			name = TouchTracker;
			productName = TouchTracker;
			productReference = 284F114B1D8E2FAB0078E894 /* TouchTracker.app */;
			productType = "com.apple.product-type.application";
		};
/* End PBXNativeTarget section */

/* Begin PBXProject section */
		284F11431D8E2FAB0078E894 /* Project object */ = {
			isa = PBXProject;
			attributes = {
				LastUpgradeCheck = 0800;
				ORGANIZATIONNAME = "Neil Vitale";
				TargetAttributes = {
					284F114A1D8E2FAB0078E894 = {
						CreatedOnToolsVersion = 8.0;
						ProvisioningStyle = Automatic;
					};
				};
			};
			buildConfigurationList = 284F11461D8E2FAB0078E894 /* Build configuration list for PBXProject "TouchTracker" */;
			compatibilityVersion = "Xcode 3.2";
			developmentRegion = English;
			hasScannedForEncodings = 0;
			knownRegions = (
				en,
				Base,
			);
			mainGroup = 284F11421D8E2FAB0078E894;
			productRefGroup = 284F114C1D8E2FAB0078E894 /* Products */;
			projectDirPath = "";
			projectRoot = "";
			targets = (
				284F114A1D8E2FAB0078E894 /* TouchTracker */,
			);
		};
/* End PBXProject section */

/* Begin PBXResourcesBuildPhase section */
		284F11491D8E2FAB0078E894 /* Resources */ = {
			isa = PBXResourcesBuildPhase;
			buildActionMask = 2147483647;
			files = (
				284F115E1D8E2FAC0078E894 /* LaunchScreen.storyboard in Resources */,
				284F115B1D8E2FAC0078E894 /* Assets.xcassets in Resources */,
				284F11591D8E2FAC0078E894 /* Main.storyboard in Resources */,
			);
			runOnlyForDeploymentPostprocessing = 0;
		};
/* End PBXResourcesBuildPhase section */

/* Begin PBXSourcesBuildPhase section */
		284F11471D8E2FAB0078E894 /* Sources */ = {
			isa = PBXSourcesBuildPhase;
			buildActionMask = 2147483647;
			files = (
				284F11561D8E2FAC0078E894 /* ViewController.m in Sources */,
				284F11671D8E2FDB0078E894 /* Line.m in Sources */,
				284F11531D8E2FAC0078E894 /* AppDelegate.m in Sources */,
				284F11501D8E2FAC0078E894 /* main.m in Sources */,
				284F116A1D8E30540078E894 /* DrawView.m in Sources */,
			);
			runOnlyForDeploymentPostprocessing = 0;
		};
/* End PBXSourcesBuildPhase section */

/* Begin PBXVariantGroup section */
		284F11571D8E2FAC0078E894 /* Main.storyboard */ = {
			isa = PBXVariantGroup;
			children = (
				284F11581D8E2FAC0078E894 /* Base */,
			);
			name = Main.storyboard;
			sourceTree = "<group>";
		};
		284F115C1D8E2FAC0078E894 /* LaunchScreen.storyboard */ = {
			isa = PBXVariantGroup;
			children = (
				284F115D1D8E2FAC0078E894 /* Base */,
			);
			name = LaunchScreen.storyboard;
			sourceTree = "<group>";
		};
/* End PBXVariantGroup section */

/* Begin XCBuildConfiguration section */
		284F11601D8E2FAC0078E894 /* Debug */ = {
			isa = XCBuildConfiguration;
			buildSettings = {
				ALWAYS_SEARCH_USER_PATHS = NO;
				CLANG_ANALYZER_NONNULL = YES;
				CLANG_CXX_LANGUAGE_STANDARD = "gnu++0x";
				CLANG_CXX_LIBRARY = "libc++";
				CLANG_ENABLE_MODULES = YES;
				CLANG_ENABLE_OBJC_ARC = YES;
				CLANG_WARN_BOOL_CONVERSION = YES;
				CLANG_WARN_CONSTANT_CONVERSION = YES;
				CLANG_WARN_DIRECT_OBJC_ISA_USAGE = YES_ERROR;
				CLANG_WARN_DOCUMENTATION_COMMENTS = YES;
				CLANG_WARN_EMPTY_BODY = YES;
				CLANG_WARN_ENUM_CONVERSION = YES;
				CLANG_WARN_INFINITE_RECURSION = YES;
				CLANG_WARN_INT_CONVERSION = YES;
				CLANG_WARN_OBJC_ROOT_CLASS = YES_ERROR;
				CLANG_WARN_SUSPICIOUS_MOVES = YES;
				CLANG_WARN_UNREACHABLE_CODE = YES;
				CLANG_WARN__DUPLICATE_METHOD_MATCH = YES;
				"CODE_SIGN_IDENTITY[sdk=iphoneos*]" = "iPhone Developer";
				COPY_PHASE_STRIP = NO;
				DEBUG_INFORMATION_FORMAT = dwarf;
				ENABLE_STRICT_OBJC_MSGSEND = YES;
				ENABLE_TESTABILITY = YES;
				GCC_C_LANGUAGE_STANDARD = gnu99;
				GCC_DYNAMIC_NO_PIC = NO;
				GCC_NO_COMMON_BLOCKS = YES;
				GCC_OPTIMIZATION_LEVEL = 0;
				GCC_PREPROCESSOR_DEFINITIONS = (
					"DEBUG=1",
					"$(inherited)",
				);
				GCC_WARN_64_TO_32_BIT_CONVERSION = YES;
				GCC_WARN_ABOUT_RETURN_TYPE = YES_ERROR;
				GCC_WARN_UNDECLARED_SELECTOR = YES;
				GCC_WARN_UNINITIALIZED_AUTOS = YES_AGGRESSIVE;
				GCC_WARN_UNUSED_FUNCTION = YES;
				GCC_WARN_UNUSED_VARIABLE = YES;
				IPHONEOS_DEPLOYMENT_TARGET = 10.0;
				MTL_ENABLE_DEBUG_INFO = YES;
				ONLY_ACTIVE_ARCH = YES;
				SDKROOT = iphoneos;
			};
			name = Debug;
		};
		284F11611D8E2FAC0078E894 /* Release */ = {
			isa = XCBuildConfiguration;
			buildSettings = {
				ALWAYS_SEARCH_USER_PATHS = NO;
				CLANG_ANALYZER_NONNULL = YES;
				CLANG_CXX_LANGUAGE_STANDARD = "gnu++0x";
				CLANG_CXX_LIBRARY = "libc++";
				CLANG_ENABLE_MODULES = YES;
				CLANG_ENABLE_OBJC_ARC = YES;
				CLANG_WARN_BOOL_CONVERSION = YES;
				CLANG_WARN_CONSTANT_CONVERSION = YES;
				CLANG_WARN_DIRECT_OBJC_ISA_USAGE = YES_ERROR;
				CLANG_WARN_DOCUMENTATION_COMMENTS = YES;
				CLANG_WARN_EMPTY_BODY = YES;
				CLANG_WARN_ENUM_CONVERSION = YES;
				CLANG_WARN_INFINITE_RECURSION = YES;
				CLANG_WARN_INT_CONVERSION = YES;
				CLANG_WARN_OBJC_ROOT_CLASS = YES_ERROR;
				CLANG_WARN_SUSPICIOUS_MOVES = YES;
				CLANG_WARN_UNREACHABLE_CODE = YES;
				CLANG_WARN__DUPLICATE_METHOD_MATCH = YES;
				"CODE_SIGN_IDENTITY[sdk=iphoneos*]" = "iPhone Developer";
				COPY_PHASE_STRIP = NO;
				DEBUG_INFORMATION_FORMAT = "dwarf-with-dsym";
				ENABLE_NS_ASSERTIONS = NO;
				ENABLE_STRICT_OBJC_MSGSEND = YES;
				GCC_C_LANGUAGE_STANDARD = gnu99;
				GCC_NO_COMMON_BLOCKS = YES;
				GCC_WARN_64_TO_32_BIT_CONVERSION = YES;
				GCC_WARN_ABOUT_RETURN_TYPE = YES_ERROR;
				GCC_WARN_UNDECLARED_SELECTOR = YES;
				GCC_WARN_UNINITIALIZED_AUTOS = YES_AGGRESSIVE;
				GCC_WARN_UNUSED_FUNCTION = YES;
				GCC_WARN_UNUSED_VARIABLE = YES;
				IPHONEOS_DEPLOYMENT_TARGET = 10.0;
				MTL_ENABLE_DEBUG_INFO = NO;
				SDKROOT = iphoneos;
				VALIDATE_PRODUCT = YES;
			};
			name = Release;
		};
		284F11631D8E2FAC0078E894 /* Debug */ = {
			isa = XCBuildConfiguration;
			buildSettings = {
				ASSETCATALOG_COMPILER_APPICON_NAME = AppIcon;
				INFOPLIST_FILE = TouchTracker/Info.plist;
				LD_RUNPATH_SEARCH_PATHS = "$(inherited) @executable_path/Frameworks";
				PRODUCT_BUNDLE_IDENTIFIER = com.IronYard.TouchTracker;
				PRODUCT_NAME = "$(TARGET_NAME)";
			};
			name = Debug;
		};
		284F11641D8E2FAC0078E894 /* Release */ = {
			isa = XCBuildConfiguration;
			buildSettings = {
				ASSETCATALOG_COMPILER_APPICON_NAME = AppIcon;
				INFOPLIST_FILE = TouchTracker/Info.plist;
				LD_RUNPATH_SEARCH_PATHS = "$(inherited) @executable_path/Frameworks";
				PRODUCT_BUNDLE_IDENTIFIER = com.IronYard.TouchTracker;
				PRODUCT_NAME = "$(TARGET_NAME)";
			};
			name = Release;
		};
/* End XCBuildConfiguration section */

/* Begin XCConfigurationList section */
		284F11461D8E2FAB0078E894 /* Build configuration list for PBXProject "TouchTracker" */ = {
			isa = XCConfigurationList;
			buildConfigurations = (
				284F11601D8E2FAC0078E894 /* Debug */,
				284F11611D8E2FAC0078E894 /* Release */,
			);
			defaultConfigurationIsVisible = 0;
			defaultConfigurationName = Release;
		};
		284F11621D8E2FAC0078E894 /* Build configuration list for PBXNativeTarget "TouchTracker" */ = {
			isa = XCConfigurationList;
			buildConfigurations = (
				284F11631D8E2FAC0078E894 /* Debug */,
				284F11641D8E2FAC0078E894 /* Release */,
			);
			defaultConfigurationIsVisible = 0;
		};
/* End XCConfigurationList section */
	};
	rootObject = 284F11431D8E2FAB0078E894 /* Project object */;
}
